// !$*UTF8*$!
{
	archiveVersion = 1;
	classes = {
	};
	objectVersion = 46;
	objects = {

/* Begin PBXBuildFile section */
		3103C1B21AB375D000EE0F65 /* FilterImageViewController.m in Sources */ = {isa = PBXBuildFile; fileRef = 3103C1B11AB375D000EE0F65 /* FilterImageViewController.m */; };
		31581A8E1AA6D799002F73A5 /* HomeViewController.m in Sources */ = {isa = PBXBuildFile; fileRef = 31581A8D1AA6D799002F73A5 /* HomeViewController.m */; };
		31581A9A1AA6DB6B002F73A5 /* MomentsTableViewController.m in Sources */ = {isa = PBXBuildFile; fileRef = 31581A991AA6DB6B002F73A5 /* MomentsTableViewController.m */; };
		316B48CC1AAD538000662406 /* MomentsTableViewCell.m in Sources */ = {isa = PBXBuildFile; fileRef = 316B48CB1AAD538000662406 /* MomentsTableViewCell.m */; };
		31C2D6601AAE438200D0B5E8 /* Moment.m in Sources */ = {isa = PBXBuildFile; fileRef = 31C2D65F1AAE438200D0B5E8 /* Moment.m */; };
		31C98BB71AB4F00F00651E13 /* TextEffectsViewController.m in Sources */ = {isa = PBXBuildFile; fileRef = 31C98BB61AB4F00F00651E13 /* TextEffectsViewController.m */; };
		31D2C22E1AA503C100130173 /* main.m in Sources */ = {isa = PBXBuildFile; fileRef = 31D2C22D1AA503C100130173 /* main.m */; };
		31D2C2311AA503C100130173 /* AppDelegate.m in Sources */ = {isa = PBXBuildFile; fileRef = 31D2C2301AA503C100130173 /* AppDelegate.m */; };
		31D2C23A1AA503C100130173 /* Main.storyboard in Resources */ = {isa = PBXBuildFile; fileRef = 31D2C2381AA503C100130173 /* Main.storyboard */; };
		31D2C23C1AA503C100130173 /* Images.xcassets in Resources */ = {isa = PBXBuildFile; fileRef = 31D2C23B1AA503C100130173 /* Images.xcassets */; };
		31D2C23F1AA503C100130173 /* LaunchScreen.xib in Resources */ = {isa = PBXBuildFile; fileRef = 31D2C23D1AA503C100130173 /* LaunchScreen.xib */; };
		31D2C24B1AA503C100130173 /* GratitudeJournalTests.m in Sources */ = {isa = PBXBuildFile; fileRef = 31D2C24A1AA503C100130173 /* GratitudeJournalTests.m */; };
		31FF6D321AB61F39007A8F3D /* MomentsCollectionViewController.m in Sources */ = {isa = PBXBuildFile; fileRef = 31FF6D311AB61F39007A8F3D /* MomentsCollectionViewController.m */; };
		31FF6D351AB6219D007A8F3D /* MomentsCollectionViewCell.m in Sources */ = {isa = PBXBuildFile; fileRef = 31FF6D341AB6219D007A8F3D /* MomentsCollectionViewCell.m */; };
/* End PBXBuildFile section */

/* Begin PBXContainerItemProxy section */
		31D2C2451AA503C100130173 /* PBXContainerItemProxy */ = {
			isa = PBXContainerItemProxy;
			containerPortal = 31D2C2201AA503C100130173 /* Project object */;
			proxyType = 1;
			remoteGlobalIDString = 31D2C2271AA503C100130173;
			remoteInfo = GratitudeJournal;
		};
/* End PBXContainerItemProxy section */

/* Begin PBXFileReference section */
		3103C1B01AB375D000EE0F65 /* FilterImageViewController.h */ = {isa = PBXFileReference; fileEncoding = 4; lastKnownFileType = sourcecode.c.h; path = FilterImageViewController.h; sourceTree = "<group>"; };
		3103C1B11AB375D000EE0F65 /* FilterImageViewController.m */ = {isa = PBXFileReference; fileEncoding = 4; lastKnownFileType = sourcecode.c.objc; path = FilterImageViewController.m; sourceTree = "<group>"; };
		31581A8C1AA6D799002F73A5 /* HomeViewController.h */ = {isa = PBXFileReference; fileEncoding = 4; lastKnownFileType = sourcecode.c.h; path = HomeViewController.h; sourceTree = "<group>"; };
		31581A8D1AA6D799002F73A5 /* HomeViewController.m */ = {isa = PBXFileReference; fileEncoding = 4; lastKnownFileType = sourcecode.c.objc; path = HomeViewController.m; sourceTree = "<group>"; };
		31581A981AA6DB6B002F73A5 /* MomentsTableViewController.h */ = {isa = PBXFileReference; fileEncoding = 4; lastKnownFileType = sourcecode.c.h; path = MomentsTableViewController.h; sourceTree = "<group>"; };
		31581A991AA6DB6B002F73A5 /* MomentsTableViewController.m */ = {isa = PBXFileReference; fileEncoding = 4; lastKnownFileType = sourcecode.c.objc; path = MomentsTableViewController.m; sourceTree = "<group>"; };
		316B48CA1AAD538000662406 /* MomentsTableViewCell.h */ = {isa = PBXFileReference; fileEncoding = 4; lastKnownFileType = sourcecode.c.h; path = MomentsTableViewCell.h; sourceTree = "<group>"; };
		316B48CB1AAD538000662406 /* MomentsTableViewCell.m */ = {isa = PBXFileReference; fileEncoding = 4; lastKnownFileType = sourcecode.c.objc; path = MomentsTableViewCell.m; sourceTree = "<group>"; };
		3174D4FC1AB12D5500AE8A8F /* UIKit.framework */ = {isa = PBXFileReference; lastKnownFileType = wrapper.framework; name = UIKit.framework; path = System/Library/Frameworks/UIKit.framework; sourceTree = SDKROOT; };
		31C2D65E1AAE438200D0B5E8 /* Moment.h */ = {isa = PBXFileReference; fileEncoding = 4; lastKnownFileType = sourcecode.c.h; path = Moment.h; sourceTree = "<group>"; };
		31C2D65F1AAE438200D0B5E8 /* Moment.m */ = {isa = PBXFileReference; fileEncoding = 4; lastKnownFileType = sourcecode.c.objc; path = Moment.m; sourceTree = "<group>"; };
		31C98BB51AB4F00F00651E13 /* TextEffectsViewController.h */ = {isa = PBXFileReference; fileEncoding = 4; lastKnownFileType = sourcecode.c.h; path = TextEffectsViewController.h; sourceTree = "<group>"; };
		31C98BB61AB4F00F00651E13 /* TextEffectsViewController.m */ = {isa = PBXFileReference; fileEncoding = 4; lastKnownFileType = sourcecode.c.objc; path = TextEffectsViewController.m; sourceTree = "<group>"; };
		31D2C2281AA503C100130173 /* GratitudeJournal.app */ = {isa = PBXFileReference; explicitFileType = wrapper.application; includeInIndex = 0; path = GratitudeJournal.app; sourceTree = BUILT_PRODUCTS_DIR; };
		31D2C22C1AA503C100130173 /* Info.plist */ = {isa = PBXFileReference; lastKnownFileType = text.plist.xml; path = Info.plist; sourceTree = "<group>"; };
		31D2C22D1AA503C100130173 /* main.m */ = {isa = PBXFileReference; lastKnownFileType = sourcecode.c.objc; path = main.m; sourceTree = "<group>"; };
		31D2C22F1AA503C100130173 /* AppDelegate.h */ = {isa = PBXFileReference; lastKnownFileType = sourcecode.c.h; path = AppDelegate.h; sourceTree = "<group>"; };
		31D2C2301AA503C100130173 /* AppDelegate.m */ = {isa = PBXFileReference; lastKnownFileType = sourcecode.c.objc; path = AppDelegate.m; sourceTree = "<group>"; };
		31D2C2391AA503C100130173 /* Base */ = {isa = PBXFileReference; lastKnownFileType = file.storyboard; name = Base; path = Base.lproj/Main.storyboard; sourceTree = "<group>"; };
		31D2C23B1AA503C100130173 /* Images.xcassets */ = {isa = PBXFileReference; lastKnownFileType = folder.assetcatalog; path = Images.xcassets; sourceTree = "<group>"; };
		31D2C23E1AA503C100130173 /* Base */ = {isa = PBXFileReference; lastKnownFileType = file.xib; name = Base; path = Base.lproj/LaunchScreen.xib; sourceTree = "<group>"; };
		31D2C2441AA503C100130173 /* GratitudeJournalTests.xctest */ = {isa = PBXFileReference; explicitFileType = wrapper.cfbundle; includeInIndex = 0; path = GratitudeJournalTests.xctest; sourceTree = BUILT_PRODUCTS_DIR; };
		31D2C2491AA503C100130173 /* Info.plist */ = {isa = PBXFileReference; lastKnownFileType = text.plist.xml; path = Info.plist; sourceTree = "<group>"; };
		31D2C24A1AA503C100130173 /* GratitudeJournalTests.m */ = {isa = PBXFileReference; lastKnownFileType = sourcecode.c.objc; path = GratitudeJournalTests.m; sourceTree = "<group>"; };
		31FF6D301AB61F39007A8F3D /* MomentsCollectionViewController.h */ = {isa = PBXFileReference; fileEncoding = 4; lastKnownFileType = sourcecode.c.h; path = MomentsCollectionViewController.h; sourceTree = "<group>"; };
		31FF6D311AB61F39007A8F3D /* MomentsCollectionViewController.m */ = {isa = PBXFileReference; fileEncoding = 4; lastKnownFileType = sourcecode.c.objc; path = MomentsCollectionViewController.m; sourceTree = "<group>"; };
		31FF6D331AB6219D007A8F3D /* MomentsCollectionViewCell.h */ = {isa = PBXFileReference; fileEncoding = 4; lastKnownFileType = sourcecode.c.h; path = MomentsCollectionViewCell.h; sourceTree = "<group>"; };
		31FF6D341AB6219D007A8F3D /* MomentsCollectionViewCell.m */ = {isa = PBXFileReference; fileEncoding = 4; lastKnownFileType = sourcecode.c.objc; path = MomentsCollectionViewCell.m; sourceTree = "<group>"; };
/* End PBXFileReference section */

/* Begin PBXFrameworksBuildPhase section */
		31D2C2251AA503C100130173 /* Frameworks */ = {
			isa = PBXFrameworksBuildPhase;
			buildActionMask = 2147483647;
			files = (
			);
			runOnlyForDeploymentPostprocessing = 0;
		};
		31D2C2411AA503C100130173 /* Frameworks */ = {
			isa = PBXFrameworksBuildPhase;
			buildActionMask = 2147483647;
			files = (
			);
			runOnlyForDeploymentPostprocessing = 0;
		};
/* End PBXFrameworksBuildPhase section */

/* Begin PBXGroup section */
		31D2C21F1AA503C100130173 = {
			isa = PBXGroup;
			children = (
				3174D4FC1AB12D5500AE8A8F /* UIKit.framework */,
				31D2C22A1AA503C100130173 /* GratitudeJournal */,
				31D2C2471AA503C100130173 /* GratitudeJournalTests */,
				31D2C2291AA503C100130173 /* Products */,
			);
			sourceTree = "<group>";
		};
		31D2C2291AA503C100130173 /* Products */ = {
			isa = PBXGroup;
			children = (
				31D2C2281AA503C100130173 /* GratitudeJournal.app */,
				31D2C2441AA503C100130173 /* GratitudeJournalTests.xctest */,
			);
			name = Products;
			sourceTree = "<group>";
		};
		31D2C22A1AA503C100130173 /* GratitudeJournal */ = {
			isa = PBXGroup;
			children = (
				31D2C22F1AA503C100130173 /* AppDelegate.h */,
				31D2C2301AA503C100130173 /* AppDelegate.m */,
				31581A8C1AA6D799002F73A5 /* HomeViewController.h */,
				31581A8D1AA6D799002F73A5 /* HomeViewController.m */,
				3103C1B01AB375D000EE0F65 /* FilterImageViewController.h */,
				3103C1B11AB375D000EE0F65 /* FilterImageViewController.m */,
				31C98BB51AB4F00F00651E13 /* TextEffectsViewController.h */,
				31C98BB61AB4F00F00651E13 /* TextEffectsViewController.m */,
				31C2D65E1AAE438200D0B5E8 /* Moment.h */,
				31C2D65F1AAE438200D0B5E8 /* Moment.m */,
				316B48CA1AAD538000662406 /* MomentsTableViewCell.h */,
				316B48CB1AAD538000662406 /* MomentsTableViewCell.m */,
				31581A981AA6DB6B002F73A5 /* MomentsTableViewController.h */,
				31581A991AA6DB6B002F73A5 /* MomentsTableViewController.m */,
				31D2C2381AA503C100130173 /* Main.storyboard */,
				31FF6D301AB61F39007A8F3D /* MomentsCollectionViewController.h */,
				31FF6D311AB61F39007A8F3D /* MomentsCollectionViewController.m */,
				31FF6D331AB6219D007A8F3D /* MomentsCollectionViewCell.h */,
				31FF6D341AB6219D007A8F3D /* MomentsCollectionViewCell.m */,
				31D2C23B1AA503C100130173 /* Images.xcassets */,
				31D2C23D1AA503C100130173 /* LaunchScreen.xib */,
				31D2C22B1AA503C100130173 /* Supporting Files */,
			);
			path = GratitudeJournal;
			sourceTree = "<group>";
		};
		31D2C22B1AA503C100130173 /* Supporting Files */ = {
			isa = PBXGroup;
			children = (
				31D2C22C1AA503C100130173 /* Info.plist */,
				31D2C22D1AA503C100130173 /* main.m */,
			);
			name = "Supporting Files";
			sourceTree = "<group>";
		};
		31D2C2471AA503C100130173 /* GratitudeJournalTests */ = {
			isa = PBXGroup;
			children = (
				31D2C24A1AA503C100130173 /* GratitudeJournalTests.m */,
				31D2C2481AA503C100130173 /* Supporting Files */,
			);
			path = GratitudeJournalTests;
			sourceTree = "<group>";
		};
		31D2C2481AA503C100130173 /* Supporting Files */ = {
			isa = PBXGroup;
			children = (
				31D2C2491AA503C100130173 /* Info.plist */,
			);
			name = "Supporting Files";
			sourceTree = "<group>";
		};
/* End PBXGroup section */

/* Begin PBXNativeTarget section */
		31D2C2271AA503C100130173 /* GratitudeJournal */ = {
			isa = PBXNativeTarget;
			buildConfigurationList = 31D2C24E1AA503C100130173 /* Build configuration list for PBXNativeTarget "GratitudeJournal" */;
			buildPhases = (
				31D2C2241AA503C100130173 /* Sources */,
				31D2C2251AA503C100130173 /* Frameworks */,
				31D2C2261AA503C100130173 /* Resources */,
			);
			buildRules = (
			);
			dependencies = (
			);
			name = GratitudeJournal;
			productName = GratitudeJournal;
			productReference = 31D2C2281AA503C100130173 /* GratitudeJournal.app */;
			productType = "com.apple.product-type.application";
		};
		31D2C2431AA503C100130173 /* GratitudeJournalTests */ = {
			isa = PBXNativeTarget;
			buildConfigurationList = 31D2C2511AA503C100130173 /* Build configuration list for PBXNativeTarget "GratitudeJournalTests" */;
			buildPhases = (
				31D2C2401AA503C100130173 /* Sources */,
				31D2C2411AA503C100130173 /* Frameworks */,
				31D2C2421AA503C100130173 /* Resources */,
			);
			buildRules = (
			);
			dependencies = (
				31D2C2461AA503C100130173 /* PBXTargetDependency */,
			);
			name = GratitudeJournalTests;
			productName = GratitudeJournalTests;
			productReference = 31D2C2441AA503C100130173 /* GratitudeJournalTests.xctest */;
			productType = "com.apple.product-type.bundle.unit-test";
		};
/* End PBXNativeTarget section */

/* Begin PBXProject section */
		31D2C2201AA503C100130173 /* Project object */ = {
			isa = PBXProject;
			attributes = {
				LastUpgradeCheck = 0610;
				ORGANIZATIONNAME = ajchang;
				TargetAttributes = {
					31D2C2271AA503C100130173 = {
						CreatedOnToolsVersion = 6.1.1;
					};
					31D2C2431AA503C100130173 = {
						CreatedOnToolsVersion = 6.1.1;
						TestTargetID = 31D2C2271AA503C100130173;
					};
				};
			};
			buildConfigurationList = 31D2C2231AA503C100130173 /* Build configuration list for PBXProject "GratitudeJournal" */;
			compatibilityVersion = "Xcode 3.2";
			developmentRegion = English;
			hasScannedForEncodings = 0;
			knownRegions = (
				en,
				Base,
			);
			mainGroup = 31D2C21F1AA503C100130173;
			productRefGroup = 31D2C2291AA503C100130173 /* Products */;
			projectDirPath = "";
			projectRoot = "";
			targets = (
				31D2C2271AA503C100130173 /* GratitudeJournal */,
				31D2C2431AA503C100130173 /* GratitudeJournalTests */,
			);
		};
/* End PBXProject section */

/* Begin PBXResourcesBuildPhase section */
		31D2C2261AA503C100130173 /* Resources */ = {
			isa = PBXResourcesBuildPhase;
			buildActionMask = 2147483647;
			files = (
				31D2C23A1AA503C100130173 /* Main.storyboard in Resources */,
				31D2C23F1AA503C100130173 /* LaunchScreen.xib in Resources */,
				31D2C23C1AA503C100130173 /* Images.xcassets in Resources */,
			);
			runOnlyForDeploymentPostprocessing = 0;
		};
		31D2C2421AA503C100130173 /* Resources */ = {
			isa = PBXResourcesBuildPhase;
			buildActionMask = 2147483647;
			files = (
			);
			runOnlyForDeploymentPostprocessing = 0;
		};
/* End PBXResourcesBuildPhase section */

/* Begin PBXSourcesBuildPhase section */
		31D2C2241AA503C100130173 /* Sources */ = {
			isa = PBXSourcesBuildPhase;
			buildActionMask = 2147483647;
			files = (
				31D2C2311AA503C100130173 /* AppDelegate.m in Sources */,
				3103C1B21AB375D000EE0F65 /* FilterImageViewController.m in Sources */,
				31C98BB71AB4F00F00651E13 /* TextEffectsViewController.m in Sources */,
				31581A9A1AA6DB6B002F73A5 /* MomentsTableViewController.m in Sources */,
				31581A8E1AA6D799002F73A5 /* HomeViewController.m in Sources */,
				31D2C22E1AA503C100130173 /* main.m in Sources */,
				31FF6D351AB6219D007A8F3D /* MomentsCollectionViewCell.m in Sources */,
				316B48CC1AAD538000662406 /* MomentsTableViewCell.m in Sources */,
				31FF6D321AB61F39007A8F3D /* MomentsCollectionViewController.m in Sources */,
				31C2D6601AAE438200D0B5E8 /* Moment.m in Sources */,
			);
			runOnlyForDeploymentPostprocessing = 0;
		};
		31D2C2401AA503C100130173 /* Sources */ = {
			isa = PBXSourcesBuildPhase;
			buildActionMask = 2147483647;
			files = (
				31D2C24B1AA503C100130173 /* GratitudeJournalTests.m in Sources */,
			);
			runOnlyForDeploymentPostprocessing = 0;
		};
/* End PBXSourcesBuildPhase section */

/* Begin PBXTargetDependency section */
		31D2C2461AA503C100130173 /* PBXTargetDependency */ = {
			isa = PBXTargetDependency;
			target = 31D2C2271AA503C100130173 /* GratitudeJournal */;
			targetProxy = 31D2C2451AA503C100130173 /* PBXContainerItemProxy */;
		};
/* End PBXTargetDependency section */

/* Begin PBXVariantGroup section */
		31D2C2381AA503C100130173 /* Main.storyboard */ = {
			isa = PBXVariantGroup;
			children = (
				31D2C2391AA503C100130173 /* Base */,
			);
			name = Main.storyboard;
			sourceTree = "<group>";
		};
		31D2C23D1AA503C100130173 /* LaunchScreen.xib */ = {
			isa = PBXVariantGroup;
			children = (
				31D2C23E1AA503C100130173 /* Base */,
			);
			name = LaunchScreen.xib;
			sourceTree = "<group>";
		};
/* End PBXVariantGroup section */

/* Begin XCBuildConfiguration section */
		31D2C24C1AA503C100130173 /* Debug */ = {
			isa = XCBuildConfiguration;
			buildSettings = {
				ALWAYS_SEARCH_USER_PATHS = NO;
				CLANG_CXX_LANGUAGE_STANDARD = "gnu++0x";
				CLANG_CXX_LIBRARY = "libc++";
				CLANG_ENABLE_MODULES = YES;
				CLANG_ENABLE_OBJC_ARC = YES;
				CLANG_WARN_BOOL_CONVERSION = YES;
				CLANG_WARN_CONSTANT_CONVERSION = YES;
				CLANG_WARN_DIRECT_OBJC_ISA_USAGE = YES_ERROR;
				CLANG_WARN_EMPTY_BODY = YES;
				CLANG_WARN_ENUM_CONVERSION = YES;
				CLANG_WARN_INT_CONVERSION = YES;
				CLANG_WARN_OBJC_ROOT_CLASS = YES_ERROR;
				CLANG_WARN_UNREACHABLE_CODE = YES;
				CLANG_WARN__DUPLICATE_METHOD_MATCH = YES;
				"CODE_SIGN_IDENTITY[sdk=iphoneos*]" = "iPhone Developer";
				COPY_PHASE_STRIP = NO;
				ENABLE_STRICT_OBJC_MSGSEND = YES;
				GCC_C_LANGUAGE_STANDARD = gnu99;
				GCC_DYNAMIC_NO_PIC = NO;
				GCC_OPTIMIZATION_LEVEL = 0;
				GCC_PREPROCESSOR_DEFINITIONS = (
					"DEBUG=1",
					"$(inherited)",
				);
				GCC_SYMBOLS_PRIVATE_EXTERN = NO;
				GCC_WARN_64_TO_32_BIT_CONVERSION = YES;
				GCC_WARN_ABOUT_RETURN_TYPE = YES_ERROR;
				GCC_WARN_UNDECLARED_SELECTOR = YES;
				GCC_WARN_UNINITIALIZED_AUTOS = YES_AGGRESSIVE;
				GCC_WARN_UNUSED_FUNCTION = YES;
				GCC_WARN_UNUSED_VARIABLE = YES;
				IPHONEOS_DEPLOYMENT_TARGET = 8.1;
				MTL_ENABLE_DEBUG_INFO = YES;
				ONLY_ACTIVE_ARCH = YES;
				SDKROOT = iphoneos;
				TARGETED_DEVICE_FAMILY = "1,2";
			};
			name = Debug;
		};
		31D2C24D1AA503C100130173 /* Release */ = {
			isa = XCBuildConfiguration;
			buildSettings = {
				ALWAYS_SEARCH_USER_PATHS = NO;
				CLANG_CXX_LANGUAGE_STANDARD = "gnu++0x";
				CLANG_CXX_LIBRARY = "libc++";
				CLANG_ENABLE_MODULES = YES;
				CLANG_ENABLE_OBJC_ARC = YES;
				CLANG_WARN_BOOL_CONVERSION = YES;
				CLANG_WARN_CONSTANT_CONVERSION = YES;
				CLANG_WARN_DIRECT_OBJC_ISA_USAGE = YES_ERROR;
				CLANG_WARN_EMPTY_BODY = YES;
				CLANG_WARN_ENUM_CONVERSION = YES;
				CLANG_WARN_INT_CONVERSION = YES;
				CLANG_WARN_OBJC_ROOT_CLASS = YES_ERROR;
				CLANG_WARN_UNREACHABLE_CODE = YES;
				CLANG_WARN__DUPLICATE_METHOD_MATCH = YES;
				"CODE_SIGN_IDENTITY[sdk=iphoneos*]" = "iPhone Developer";
				COPY_PHASE_STRIP = YES;
				ENABLE_NS_ASSERTIONS = NO;
				ENABLE_STRICT_OBJC_MSGSEND = YES;
				GCC_C_LANGUAGE_STANDARD = gnu99;
				GCC_WARN_64_TO_32_BIT_CONVERSION = YES;
				GCC_WARN_ABOUT_RETURN_TYPE = YES_ERROR;
				GCC_WARN_UNDECLARED_SELECTOR = YES;
				GCC_WARN_UNINITIALIZED_AUTOS = YES_AGGRESSIVE;
				GCC_WARN_UNUSED_FUNCTION = YES;
				GCC_WARN_UNUSED_VARIABLE = YES;
				IPHONEOS_DEPLOYMENT_TARGET = 8.1;
				MTL_ENABLE_DEBUG_INFO = NO;
				SDKROOT = iphoneos;
				TARGETED_DEVICE_FAMILY = "1,2";
				VALIDATE_PRODUCT = YES;
			};
			name = Release;
		};
		31D2C24F1AA503C100130173 /* Debug */ = {
			isa = XCBuildConfiguration;
			buildSettings = {
				ASSETCATALOG_COMPILER_APPICON_NAME = AppIcon;
				INFOPLIST_FILE = GratitudeJournal/Info.plist;
				LD_RUNPATH_SEARCH_PATHS = "$(inherited) @executable_path/Frameworks";
				PRODUCT_NAME = "$(TARGET_NAME)";
			};
			name = Debug;
		};
		31D2C2501AA503C100130173 /* Release */ = {
			isa = XCBuildConfiguration;
			buildSettings = {
				ASSETCATALOG_COMPILER_APPICON_NAME = AppIcon;
				INFOPLIST_FILE = GratitudeJournal/Info.plist;
				LD_RUNPATH_SEARCH_PATHS = "$(inherited) @executable_path/Frameworks";
				PRODUCT_NAME = "$(TARGET_NAME)";
			};
			name = Release;
		};
		31D2C2521AA503C100130173 /* Debug */ = {
			isa = XCBuildConfiguration;
			buildSettings = {
				BUNDLE_LOADER = "$(TEST_HOST)";
				FRAMEWORK_SEARCH_PATHS = (
					"$(SDKROOT)/Developer/Library/Frameworks",
					"$(inherited)",
				);
				GCC_PREPROCESSOR_DEFINITIONS = (
					"DEBUG=1",
					"$(inherited)",
				);
				INFOPLIST_FILE = GratitudeJournalTests/Info.plist;
				LD_RUNPATH_SEARCH_PATHS = "$(inherited) @executable_path/Frameworks @loader_path/Frameworks";
				PRODUCT_NAME = "$(TARGET_NAME)";
				TEST_HOST = "$(BUILT_PRODUCTS_DIR)/GratitudeJournal.app/GratitudeJournal";
			};
			name = Debug;
		};
		31D2C2531AA503C100130173 /* Release */ = {
			isa = XCBuildConfiguration;
			buildSettings = {
				BUNDLE_LOADER = "$(TEST_HOST)";
				FRAMEWORK_SEARCH_PATHS = (
					"$(SDKROOT)/Developer/Library/Frameworks",
					"$(inherited)",
				);
				INFOPLIST_FILE = GratitudeJournalTests/Info.plist;
				LD_RUNPATH_SEARCH_PATHS = "$(inherited) @executable_path/Frameworks @loader_path/Frameworks";
				PRODUCT_NAME = "$(TARGET_NAME)";
				TEST_HOST = "$(BUILT_PRODUCTS_DIR)/GratitudeJournal.app/GratitudeJournal";
			};
			name = Release;
		};
/* End XCBuildConfiguration section */

/* Begin XCConfigurationList section */
		31D2C2231AA503C100130173 /* Build configuration list for PBXProject "GratitudeJournal" */ = {
			isa = XCConfigurationList;
			buildConfigurations = (
				31D2C24C1AA503C100130173 /* Debug */,
				31D2C24D1AA503C100130173 /* Release */,
			);
			defaultConfigurationIsVisible = 0;
			defaultConfigurationName = Release;
		};
		31D2C24E1AA503C100130173 /* Build configuration list for PBXNativeTarget "GratitudeJournal" */ = {
			isa = XCConfigurationList;
			buildConfigurations = (
				31D2C24F1AA503C100130173 /* Debug */,
				31D2C2501AA503C100130173 /* Release */,
			);
			defaultConfigurationIsVisible = 0;
			defaultConfigurationName = Release;
		};
		31D2C2511AA503C100130173 /* Build configuration list for PBXNativeTarget "GratitudeJournalTests" */ = {
			isa = XCConfigurationList;
			buildConfigurations = (
				31D2C2521AA503C100130173 /* Debug */,
				31D2C2531AA503C100130173 /* Release */,
			);
			defaultConfigurationIsVisible = 0;
			defaultConfigurationName = Release;
		};
/* End XCConfigurationList section */
	};
	rootObject = 31D2C2201AA503C100130173 /* Project object */;
}
